
Microsoft Visual Studio Solution File, Format Version 12.00
# Visual Studio Version 17
VisualStudioVersion = 17.5.002.0
MinimumVisualStudioVersion = 10.0.40219.1
Project("{9A19103F-16F7-4668-BE54-9A1E7A4F7556}") = "calculator", "calculator.csproj", "{1AAE1D96-E3B1-4737-87D3-4966A4D8319E}"
EndProject
Global
	GlobalSection(SolutionConfigurationPlatforms) = preSolution
		Debug|Any CPU = Debug|Any CPU
		Release|Any CPU = Release|Any CPU
	EndGlobalSection
	GlobalSection(ProjectConfigurationPlatforms) = postSolution
		{1AAE1D96-E3B1-4737-87D3-4966A4D8319E}.Debug|Any CPU.ActiveCfg = Debug|Any CPU
		{1AAE1D96-E3B1-4737-87D3-4966A4D8319E}.Debug|Any CPU.Build.0 = Debug|Any CPU
		{1AAE1D96-E3B1-4737-87D3-4966A4D8319E}.Release|Any CPU.ActiveCfg = Release|Any CPU
		{1AAE1D96-E3B1-4737-87D3-4966A4D8319E}.Release|Any CPU.Build.0 = Release|Any CPU
	EndGlobalSection
	GlobalSection(SolutionProperties) = preSolution
		HideSolutionNode = FALSE
	EndGlobalSection
	GlobalSection(ExtensibilityGlobals) = postSolution
		SolutionGuid = {0802525B-1C3F-4CD5-9881-93B2B8412B52}
	EndGlobalSection
EndGlobal
